
Microsoft Visual Studio Solution File, Format Version 12.00
# Visual Studio Version 17
VisualStudioVersion = 17.0.32014.148
MinimumVisualStudioVersion = 10.0.40219.1
Project("{FAE04EC0-301F-11D3-BF4B-00C04F79EFBC}") = "DBProject", "DBProject\DBProject.csproj", "{64C5A5E7-3191-4216-8895-DB5BD53A60A2}"
EndProject
Global
	GlobalSection(SolutionConfigurationPlatforms) = preSolution
		Debug|Any CPU = Debug|Any CPU
		Release|Any CPU = Release|Any CPU
	EndGlobalSection
	GlobalSection(ProjectConfigurationPlatforms) = postSolution
		{64C5A5E7-3191-4216-8895-DB5BD53A60A2}.Debug|Any CPU.ActiveCfg = Debug|Any CPU
		{64C5A5E7-3191-4216-8895-DB5BD53A60A2}.Debug|Any CPU.Build.0 = Debug|Any CPU
		{64C5A5E7-3191-4216-8895-DB5BD53A60A2}.Release|Any CPU.ActiveCfg = Release|Any CPU
		{64C5A5E7-3191-4216-8895-DB5BD53A60A2}.Release|Any CPU.Build.0 = Release|Any CPU
	EndGlobalSection
	GlobalSection(SolutionProperties) = preSolution
		HideSolutionNode = FALSE
	EndGlobalSection
	GlobalSection(ExtensibilityGlobals) = postSolution
		SolutionGuid = {1DC20624-9E5A-4E3A-860E-6F0433AA22A6}
	EndGlobalSection
EndGlobal
